
Microsoft Visual Studio Solution File, Format Version 12.00
# Visual Studio Version 17
VisualStudioVersion = 17.0.31903.59
MinimumVisualStudioVersion = 10.0.40219.1
Project("{FAE04EC0-301F-11D3-BF4B-00C04F79EFBC}") = "4BetWebApi", "4BetWebApi\4BetWebApi.csproj", "{6EE54B33-0865-4669-8E11-24833A129836}"
EndProject
Project("{FAE04EC0-301F-11D3-BF4B-00C04F79EFBC}") = "4Bet.Infrastructure", "4Bet.Infrastructure\4Bet.Infrastructure.csproj", "{21896C32-C8CD-43A9-A8C0-4B5573FF2710}"
EndProject
Project("{FAE04EC0-301F-11D3-BF4B-00C04F79EFBC}") = "4Bet.Application", "4Bet.Application\4Bet.Application.csproj", "{AA418F22-09CE-4D8B-921E-C1F031D78D5E}"
EndProject
Project("{FAE04EC0-301F-11D3-BF4B-00C04F79EFBC}") = "4Bet.Application.Tests", "4Bet.Application.Tests\4Bet.Application.Tests.csproj", "{BB4B39E3-AFE9-404E-9986-053922030183}"
EndProject
Global
	GlobalSection(SolutionConfigurationPlatforms) = preSolution
		Debug|Any CPU = Debug|Any CPU
		Debug|x64 = Debug|x64
		Debug|x86 = Debug|x86
		Release|Any CPU = Release|Any CPU
		Release|x64 = Release|x64
		Release|x86 = Release|x86
	EndGlobalSection
	GlobalSection(ProjectConfigurationPlatforms) = postSolution
		{6EE54B33-0865-4669-8E11-24833A129836}.Debug|Any CPU.ActiveCfg = Debug|Any CPU
		{6EE54B33-0865-4669-8E11-24833A129836}.Debug|Any CPU.Build.0 = Debug|Any CPU
		{6EE54B33-0865-4669-8E11-24833A129836}.Debug|x64.ActiveCfg = Debug|Any CPU
		{6EE54B33-0865-4669-8E11-24833A129836}.Debug|x64.Build.0 = Debug|Any CPU
		{6EE54B33-0865-4669-8E11-24833A129836}.Debug|x86.ActiveCfg = Debug|Any CPU
		{6EE54B33-0865-4669-8E11-24833A129836}.Debug|x86.Build.0 = Debug|Any CPU
		{6EE54B33-0865-4669-8E11-24833A129836}.Release|Any CPU.ActiveCfg = Release|Any CPU
		{6EE54B33-0865-4669-8E11-24833A129836}.Release|Any CPU.Build.0 = Release|Any CPU
		{6EE54B33-0865-4669-8E11-24833A129836}.Release|x64.ActiveCfg = Release|Any CPU
		{6EE54B33-0865-4669-8E11-24833A129836}.Release|x64.Build.0 = Release|Any CPU
		{6EE54B33-0865-4669-8E11-24833A129836}.Release|x86.ActiveCfg = Release|Any CPU
		{6EE54B33-0865-4669-8E11-24833A129836}.Release|x86.Build.0 = Release|Any CPU
		{21896C32-C8CD-43A9-A8C0-4B5573FF2710}.Debug|Any CPU.ActiveCfg = Debug|Any CPU
		{21896C32-C8CD-43A9-A8C0-4B5573FF2710}.Debug|Any CPU.Build.0 = Debug|Any CPU
		{21896C32-C8CD-43A9-A8C0-4B5573FF2710}.Debug|x64.ActiveCfg = Debug|Any CPU
		{21896C32-C8CD-43A9-A8C0-4B5573FF2710}.Debug|x64.Build.0 = Debug|Any CPU
		{21896C32-C8CD-43A9-A8C0-4B5573FF2710}.Debug|x86.ActiveCfg = Debug|Any CPU
		{21896C32-C8CD-43A9-A8C0-4B5573FF2710}.Debug|x86.Build.0 = Debug|Any CPU
		{21896C32-C8CD-43A9-A8C0-4B5573FF2710}.Release|Any CPU.ActiveCfg = Release|Any CPU
		{21896C32-C8CD-43A9-A8C0-4B5573FF2710}.Release|Any CPU.Build.0 = Release|Any CPU
		{21896C32-C8CD-43A9-A8C0-4B5573FF2710}.Release|x64.ActiveCfg = Release|Any CPU
		{21896C32-C8CD-43A9-A8C0-4B5573FF2710}.Release|x64.Build.0 = Release|Any CPU
		{21896C32-C8CD-43A9-A8C0-4B5573FF2710}.Release|x86.ActiveCfg = Release|Any CPU
		{21896C32-C8CD-43A9-A8C0-4B5573FF2710}.Release|x86.Build.0 = Release|Any CPU
		{AA418F22-09CE-4D8B-921E-C1F031D78D5E}.Debug|Any CPU.ActiveCfg = Debug|Any CPU
		{AA418F22-09CE-4D8B-921E-C1F031D78D5E}.Debug|Any CPU.Build.0 = Debug|Any CPU
		{AA418F22-09CE-4D8B-921E-C1F031D78D5E}.Debug|x64.ActiveCfg = Debug|Any CPU
		{AA418F22-09CE-4D8B-921E-C1F031D78D5E}.Debug|x64.Build.0 = Debug|Any CPU
		{AA418F22-09CE-4D8B-921E-C1F031D78D5E}.Debug|x86.ActiveCfg = Debug|Any CPU
		{AA418F22-09CE-4D8B-921E-C1F031D78D5E}.Debug|x86.Build.0 = Debug|Any CPU
		{AA418F22-09CE-4D8B-921E-C1F031D78D5E}.Release|Any CPU.ActiveCfg = Release|Any CPU
		{AA418F22-09CE-4D8B-921E-C1F031D78D5E}.Release|Any CPU.Build.0 = Release|Any CPU
		{AA418F22-09CE-4D8B-921E-C1F031D78D5E}.Release|x64.ActiveCfg = Release|Any CPU
		{AA418F22-09CE-4D8B-921E-C1F031D78D5E}.Release|x64.Build.0 = Release|Any CPU
		{AA418F22-09CE-4D8B-921E-C1F031D78D5E}.Release|x86.ActiveCfg = Release|Any CPU
		{AA418F22-09CE-4D8B-921E-C1F031D78D5E}.Release|x86.Build.0 = Release|Any CPU
		{BB4B39E3-AFE9-404E-9986-053922030183}.Debug|Any CPU.ActiveCfg = Debug|Any CPU
		{BB4B39E3-AFE9-404E-9986-053922030183}.Debug|Any CPU.Build.0 = Debug|Any CPU
		{BB4B39E3-AFE9-404E-9986-053922030183}.Debug|x64.ActiveCfg = Debug|Any CPU
		{BB4B39E3-AFE9-404E-9986-053922030183}.Debug|x64.Build.0 = Debug|Any CPU
		{BB4B39E3-AFE9-404E-9986-053922030183}.Debug|x86.ActiveCfg = Debug|Any CPU
		{BB4B39E3-AFE9-404E-9986-053922030183}.Debug|x86.Build.0 = Debug|Any CPU
		{BB4B39E3-AFE9-404E-9986-053922030183}.Release|Any CPU.ActiveCfg = Release|Any CPU
		{BB4B39E3-AFE9-404E-9986-053922030183}.Release|Any CPU.Build.0 = Release|Any CPU
		{BB4B39E3-AFE9-404E-9986-053922030183}.Release|x64.ActiveCfg = Release|Any CPU
		{BB4B39E3-AFE9-404E-9986-053922030183}.Release|x64.Build.0 = Release|Any CPU
		{BB4B39E3-AFE9-404E-9986-053922030183}.Release|x86.ActiveCfg = Release|Any CPU
		{BB4B39E3-AFE9-404E-9986-053922030183}.Release|x86.Build.0 = Release|Any CPU
	EndGlobalSection
	GlobalSection(SolutionProperties) = preSolution
		HideSolutionNode = FALSE
	EndGlobalSection
EndGlobal
